
Microsoft Visual Studio Solution File, Format Version 12.00
# Visual Studio Version 16
VisualStudioVersion = 16.0.31624.102
MinimumVisualStudioVersion = 10.0.40219.1
Project("{8BC9CEB8-8B4A-11D0-8D11-00A0C91BC942}") = "Lab1", "Lab1\Lab1.vcxproj", "{C00834F0-3EE9-4248-885B-8A9E5F169A1E}"
EndProject
Project("{8BC9CEB8-8B4A-11D0-8D11-00A0C91BC942}") = "Lab2", "Lab2\Lab2.vcxproj", "{F4B47E23-A98D-4BBF-BFD5-99BE4C06FA48}"
EndProject
Project("{8BC9CEB8-8B4A-11D0-8D11-00A0C91BC942}") = "Lab4", "Lab4\Lab4.vcxproj", "{8F6365C9-A3DD-460A-AC75-D3625553C71B}"
EndProject
Project("{8BC9CEB8-8B4A-11D0-8D11-00A0C91BC942}") = "lab5", "lab5\lab5.vcxproj", "{967CC0FD-8906-444F-8290-36D9B555930A}"
EndProject
Project("{8BC9CEB8-8B4A-11D0-8D11-00A0C91BC942}") = "lab6", "lab6\lab6.vcxproj", "{EFB35364-A45B-4135-9AD5-7F6635E18F29}"
EndProject
Project("{8BC9CEB8-8B4A-11D0-8D11-00A0C91BC942}") = "lab7", "lab7\lab7.vcxproj", "{8F3552BE-FBFC-40B7-A539-81907ECE81EE}"
EndProject
Global
	GlobalSection(SolutionConfigurationPlatforms) = preSolution
		Debug|x64 = Debug|x64
		Debug|x86 = Debug|x86
		Release|x64 = Release|x64
		Release|x86 = Release|x86
	EndGlobalSection
	GlobalSection(ProjectConfigurationPlatforms) = postSolution
		{C00834F0-3EE9-4248-885B-8A9E5F169A1E}.Debug|x64.ActiveCfg = Debug|x64
		{C00834F0-3EE9-4248-885B-8A9E5F169A1E}.Debug|x64.Build.0 = Debug|x64
		{C00834F0-3EE9-4248-885B-8A9E5F169A1E}.Debug|x86.ActiveCfg = Debug|Win32
		{C00834F0-3EE9-4248-885B-8A9E5F169A1E}.Debug|x86.Build.0 = Debug|Win32
		{C00834F0-3EE9-4248-885B-8A9E5F169A1E}.Release|x64.ActiveCfg = Release|x64
		{C00834F0-3EE9-4248-885B-8A9E5F169A1E}.Release|x64.Build.0 = Release|x64
		{C00834F0-3EE9-4248-885B-8A9E5F169A1E}.Release|x86.ActiveCfg = Release|Win32
		{C00834F0-3EE9-4248-885B-8A9E5F169A1E}.Release|x86.Build.0 = Release|Win32
		{F4B47E23-A98D-4BBF-BFD5-99BE4C06FA48}.Debug|x64.ActiveCfg = Debug|x64
		{F4B47E23-A98D-4BBF-BFD5-99BE4C06FA48}.Debug|x64.Build.0 = Debug|x64
		{F4B47E23-A98D-4BBF-BFD5-99BE4C06FA48}.Debug|x86.ActiveCfg = Debug|Win32
		{F4B47E23-A98D-4BBF-BFD5-99BE4C06FA48}.Debug|x86.Build.0 = Debug|Win32
		{F4B47E23-A98D-4BBF-BFD5-99BE4C06FA48}.Release|x64.ActiveCfg = Release|x64
		{F4B47E23-A98D-4BBF-BFD5-99BE4C06FA48}.Release|x64.Build.0 = Release|x64
		{F4B47E23-A98D-4BBF-BFD5-99BE4C06FA48}.Release|x86.ActiveCfg = Release|Win32
		{F4B47E23-A98D-4BBF-BFD5-99BE4C06FA48}.Release|x86.Build.0 = Release|Win32
		{8F6365C9-A3DD-460A-AC75-D3625553C71B}.Debug|x64.ActiveCfg = Debug|x64
		{8F6365C9-A3DD-460A-AC75-D3625553C71B}.Debug|x64.Build.0 = Debug|x64
		{8F6365C9-A3DD-460A-AC75-D3625553C71B}.Debug|x86.ActiveCfg = Debug|Win32
		{8F6365C9-A3DD-460A-AC75-D3625553C71B}.Debug|x86.Build.0 = Debug|Win32
		{8F6365C9-A3DD-460A-AC75-D3625553C71B}.Release|x64.ActiveCfg = Release|x64
		{8F6365C9-A3DD-460A-AC75-D3625553C71B}.Release|x64.Build.0 = Release|x64
		{8F6365C9-A3DD-460A-AC75-D3625553C71B}.Release|x86.ActiveCfg = Release|Win32
		{8F6365C9-A3DD-460A-AC75-D3625553C71B}.Release|x86.Build.0 = Release|Win32
		{967CC0FD-8906-444F-8290-36D9B555930A}.Debug|x64.ActiveCfg = Debug|x64
		{967CC0FD-8906-444F-8290-36D9B555930A}.Debug|x64.Build.0 = Debug|x64
		{967CC0FD-8906-444F-8290-36D9B555930A}.Debug|x86.ActiveCfg = Debug|Win32
		{967CC0FD-8906-444F-8290-36D9B555930A}.Debug|x86.Build.0 = Debug|Win32
		{967CC0FD-8906-444F-8290-36D9B555930A}.Release|x64.ActiveCfg = Release|x64
		{967CC0FD-8906-444F-8290-36D9B555930A}.Release|x64.Build.0 = Release|x64
		{967CC0FD-8906-444F-8290-36D9B555930A}.Release|x86.ActiveCfg = Release|Win32
		{967CC0FD-8906-444F-8290-36D9B555930A}.Release|x86.Build.0 = Release|Win32
		{EFB35364-A45B-4135-9AD5-7F6635E18F29}.Debug|x64.ActiveCfg = Debug|x64
		{EFB35364-A45B-4135-9AD5-7F6635E18F29}.Debug|x64.Build.0 = Debug|x64
		{EFB35364-A45B-4135-9AD5-7F6635E18F29}.Debug|x86.ActiveCfg = Debug|Win32
		{EFB35364-A45B-4135-9AD5-7F6635E18F29}.Debug|x86.Build.0 = Debug|Win32
		{EFB35364-A45B-4135-9AD5-7F6635E18F29}.Release|x64.ActiveCfg = Release|x64
		{EFB35364-A45B-4135-9AD5-7F6635E18F29}.Release|x64.Build.0 = Release|x64
		{EFB35364-A45B-4135-9AD5-7F6635E18F29}.Release|x86.ActiveCfg = Release|Win32
		{EFB35364-A45B-4135-9AD5-7F6635E18F29}.Release|x86.Build.0 = Release|Win32
		{8F3552BE-FBFC-40B7-A539-81907ECE81EE}.Debug|x64.ActiveCfg = Debug|x64
		{8F3552BE-FBFC-40B7-A539-81907ECE81EE}.Debug|x64.Build.0 = Debug|x64
		{8F3552BE-FBFC-40B7-A539-81907ECE81EE}.Debug|x86.ActiveCfg = Debug|Win32
		{8F3552BE-FBFC-40B7-A539-81907ECE81EE}.Debug|x86.Build.0 = Debug|Win32
		{8F3552BE-FBFC-40B7-A539-81907ECE81EE}.Release|x64.ActiveCfg = Release|x64
		{8F3552BE-FBFC-40B7-A539-81907ECE81EE}.Release|x64.Build.0 = Release|x64
		{8F3552BE-FBFC-40B7-A539-81907ECE81EE}.Release|x86.ActiveCfg = Release|Win32
		{8F3552BE-FBFC-40B7-A539-81907ECE81EE}.Release|x86.Build.0 = Release|Win32
	EndGlobalSection
	GlobalSection(SolutionProperties) = preSolution
		HideSolutionNode = FALSE
	EndGlobalSection
	GlobalSection(ExtensibilityGlobals) = postSolution
		SolutionGuid = {231DB693-4B08-4C64-A2D6-97A438F92EC8}
	EndGlobalSection
EndGlobal
